
Microsoft Visual Studio Solution File, Format Version 12.00
# Visual Studio 15
VisualStudioVersion = 15.0.28307.421
MinimumVisualStudioVersion = 10.0.40219.1
Project("{FAE04EC0-301F-11D3-BF4B-00C04F79EFBC}") = "BestCaliforniaMortgages", "BestCaliforniaMortgages\BestCaliforniaMortgages.csproj", "{52EEB1D9-9F2E-4DF2-A299-24BB987C6490}"
EndProject
Project("{E53339B2-1760-4266-BCC7-CA923CBCF16C}") = "docker-compose", "docker-compose.dcproj", "{6C74F6C4-6A95-434F-9049-29CCA002276D}"
EndProject
Global
	GlobalSection(SolutionConfigurationPlatforms) = preSolution
		Debug|Any CPU = Debug|Any CPU
		Release|Any CPU = Release|Any CPU
	EndGlobalSection
	GlobalSection(ProjectConfigurationPlatforms) = postSolution
		{52EEB1D9-9F2E-4DF2-A299-24BB987C6490}.Debug|Any CPU.ActiveCfg = Debug|Any CPU
		{52EEB1D9-9F2E-4DF2-A299-24BB987C6490}.Debug|Any CPU.Build.0 = Debug|Any CPU
		{52EEB1D9-9F2E-4DF2-A299-24BB987C6490}.Release|Any CPU.ActiveCfg = Release|Any CPU
		{52EEB1D9-9F2E-4DF2-A299-24BB987C6490}.Release|Any CPU.Build.0 = Release|Any CPU
		{6C74F6C4-6A95-434F-9049-29CCA002276D}.Debug|Any CPU.ActiveCfg = Debug|Any CPU
		{6C74F6C4-6A95-434F-9049-29CCA002276D}.Debug|Any CPU.Build.0 = Debug|Any CPU
		{6C74F6C4-6A95-434F-9049-29CCA002276D}.Release|Any CPU.ActiveCfg = Release|Any CPU
		{6C74F6C4-6A95-434F-9049-29CCA002276D}.Release|Any CPU.Build.0 = Release|Any CPU
	EndGlobalSection
	GlobalSection(SolutionProperties) = preSolution
		HideSolutionNode = FALSE
	EndGlobalSection
	GlobalSection(ExtensibilityGlobals) = postSolution
		SolutionGuid = {F905E6BB-1E0B-4CD0-A5A0-E0F916149290}
	EndGlobalSection
EndGlobal
